
Microsoft Visual Studio Solution File, Format Version 12.00
# Visual Studio 2013
VisualStudioVersion = 12.0.30723.0
MinimumVisualStudioVersion = 10.0.40219.1
Project("{FAE04EC0-301F-11D3-BF4B-00C04F79EFBC}") = "Lync-Billing-V2", "Lync-Billing-V2\Lync-Billing-V2.csproj", "{D149B989-FF20-48F1-94F4-0313BF7007AA}"
EndProject
Project("{FAE04EC0-301F-11D3-BF4B-00C04F79EFBC}") = "LyncBillingBase", "LyncBillingBase\LyncBillingBase.csproj", "{4D303F14-08ED-4F92-B7E1-377569A8D7EB}"
EndProject
Project("{FAE04EC0-301F-11D3-BF4B-00C04F79EFBC}") = "LyncBillingTesting", "LyncBillingTesting\LyncBillingTesting.csproj", "{4F427DAD-07E0-4F67-9F35-6F05E04025C4}"
EndProject
Global
	GlobalSection(SolutionConfigurationPlatforms) = preSolution
		Debug|Any CPU = Debug|Any CPU
		Release|Any CPU = Release|Any CPU
	EndGlobalSection
	GlobalSection(ProjectConfigurationPlatforms) = postSolution
		{D149B989-FF20-48F1-94F4-0313BF7007AA}.Debug|Any CPU.ActiveCfg = Debug|Any CPU
		{D149B989-FF20-48F1-94F4-0313BF7007AA}.Debug|Any CPU.Build.0 = Debug|Any CPU
		{D149B989-FF20-48F1-94F4-0313BF7007AA}.Release|Any CPU.ActiveCfg = Release|Any CPU
		{D149B989-FF20-48F1-94F4-0313BF7007AA}.Release|Any CPU.Build.0 = Release|Any CPU
		{4D303F14-08ED-4F92-B7E1-377569A8D7EB}.Debug|Any CPU.ActiveCfg = Debug|Any CPU
		{4D303F14-08ED-4F92-B7E1-377569A8D7EB}.Debug|Any CPU.Build.0 = Debug|Any CPU
		{4D303F14-08ED-4F92-B7E1-377569A8D7EB}.Release|Any CPU.ActiveCfg = Release|Any CPU
		{4D303F14-08ED-4F92-B7E1-377569A8D7EB}.Release|Any CPU.Build.0 = Release|Any CPU
		{4F427DAD-07E0-4F67-9F35-6F05E04025C4}.Debug|Any CPU.ActiveCfg = Debug|Any CPU
		{4F427DAD-07E0-4F67-9F35-6F05E04025C4}.Debug|Any CPU.Build.0 = Debug|Any CPU
		{4F427DAD-07E0-4F67-9F35-6F05E04025C4}.Release|Any CPU.ActiveCfg = Release|Any CPU
		{4F427DAD-07E0-4F67-9F35-6F05E04025C4}.Release|Any CPU.Build.0 = Release|Any CPU
	EndGlobalSection
	GlobalSection(SolutionProperties) = preSolution
		HideSolutionNode = FALSE
	EndGlobalSection
EndGlobal
